{
  "name": "agenthub-web",
  "lockfileVersion": 3,
  "requires": true,
  "packages": {
    "": {
      "name": "agenthub-web",
      "dependencies": {
        "@dicebear/collection": "^9.4.2",
        "@dicebear/core": "^9.4.2",
        "lucide-react": "^1.16.0",
        "react": "^19.2.6",
        "react-dom": "^19.2.6"
      },
      "devDependencies": {
        "@types/react": "^19.2.15",
        "@types/react-dom": "^19.2.3",
        "@vitejs/plugin-react": "^6.0.2",
        "typescript": "^5.9.2",
        "vite": "^8.0.14"
      }
    },
    "node_modules/@dicebear/adventurer": {
      "version": "9.4.2",
      "resolved": "https://registry.npmmirror.com/@dicebear/adventurer/-/adventurer-9.4.2.tgz",
      "integrity": "sha512-jqYp834ZmGDA9HBBDQAdgF1O2UTCwHF4vVrktXWa2Dppp1JczPL5HnVOWsjtrLmXNn61Wd6OLmBb2e6rhzp3ig==",
      "license": "(MIT AND CC-BY-4.0)",
      "engines": {
        "node": ">=18.0.0"
      },
      "peerDependencies": {
        "@dicebear/core": "^9.0.0"
      }
    },
    "node_modules/@dicebear/adventurer-neutral": {
      "version": "9.4.2",
      "resolved": "https://registry.npmmirror.com/@dicebear/adventurer-neutral/-/adventurer-neutral-9.4.2.tgz",
      "integrity": "sha512-5xgkG/mNL4j3Q4SJGQLBU/KnU90tng8Ze5ofThD+55wi0oeY/nSAUowg6UFCmHrktjifj/MEx3CQqbpcPWtfIA==",
      "license": "(MIT AND CC-BY-4.0)",
      "engines": {
        "node": ">=18.0.0"
      },
      "peerDependencies": {
        "@dicebear/core": "^9.0.0"
      }
    },
    "node_modules/@dicebear/avataaars": {
      "version": "9.4.2",
      "resolved": "https://registry.npmmirror.com/@dicebear/avataaars/-/avataaars-9.4.2.tgz",
      "integrity": "sha512-3x9jKFkOkFSPmpTbt9xvhiU2E1GX7beCSsX0tXRUShj8x6+5Ks9yBRT1VlkySbnXrZ/GglADGg7vJ/D2uIx1Yw==",
      "license": "See LICENSE file",
      "engines": {
        "node": ">=18.0.0"
      },
      "peerDependencies": {
        "@dicebear/core": "^9.0.0"
      }
    },
    "node_modules/@dicebear/avataaars-neutral": {
      "version": "9.4.2",
      "resolved": "https://registry.npmmirror.com/@dicebear/avataaars-neutral/-/avataaars-neutral-9.4.2.tgz",
      "integrity": "sha512-/eNrp0YCNJRwQXqOloLm1+3Ss2C+pMpUQIGkbEnGsP1UK+13Ge80ggDDof1HpdqvG9HAZcKa7hnbG/0HSwyDSw==",
      "license": "See LICENSE file",
      "engines": {
        "node": ">=18.0.0"
      },
      "peerDependencies": {
        "@dicebear/core": "^9.0.0"
      }
    },
    "node_modules/@dicebear/big-ears": {
      "version": "9.4.2",
      "resolved": "https://registry.npmmirror.com/@dicebear/big-ears/-/big-ears-9.4.2.tgz",
      "integrity": "sha512-mNfz3ppNA7UBq0IO3nXCiV5pFPG7c1DfzRB0foNU2Wo1XXT8FIcSY2BvDlYqorZTOUOz7dHb0vx06hqvG0HP5w==",
      "license": "(MIT AND CC-BY-4.0)",
      "engines": {
        "node": ">=18.0.0"
      },
      "peerDependencies": {
        "@dicebear/core": "^9.0.0"
      }
    },
    "node_modules/@dicebear/big-ears-neutral": {
      "version": "9.4.2",
      "resolved": "https://registry.npmmirror.com/@dicebear/big-ears-neutral/-/big-ears-neutral-9.4.2.tgz",
      "integrity": "sha512-M8Ozmzza4eY4hpLOYULgJxMYmBA0CsBnrE15/xw6LZkEREXnrX5z0NJsf8hUfdyF6BWZ+RBgzoiav32DAC5zcg==",
      "license": "(MIT AND CC-BY-4.0)",
      "engines": {
        "node": ">=18.0.0"
      },
      "peerDependencies": {
        "@dicebear/core": "^9.0.0"
      }
    },
    "node_modules/@dicebear/big-smile": {
      "version": "9.4.2",
      "resolved": "https://registry.npmmirror.com/@dicebear/big-smile/-/big-smile-9.4.2.tgz",
      "integrity": "sha512-hmT5i7rcPPhStjZyg28pbIhdTnnMBzK3RObI0vKCpY30EFrzaPkkdDL6Ck5fAFBdvDIW1EpOJkenyR0XPmhgbQ==",
      "license": "(MIT AND CC-BY-4.0)",
      "engines": {
        "node": ">=18.0.0"
      },
      "peerDependencies": {
        "@dicebear/core": "^9.0.0"
      }
    },
    "node_modules/@dicebear/bottts": {
      "version": "9.4.2",
      "resolved": "https://registry.npmmirror.com/@dicebear/bottts/-/bottts-9.4.2.tgz",
      "integrity": "sha512-tsx+dII7EFUCVA8URj66G1GqORCCVduCAx4dY2prEY2IeFianVpkntXuFsWZ9BBGx1NZFndvDith5oTwKMQPbQ==",
      "license": "See LICENSE file",
      "engines": {
        "node": ">=18.0.0"
      },
      "peerDependencies": {
        "@dicebear/core": "^9.0.0"
      }
    },
    "node_modules/@dicebear/bottts-neutral": {
      "version": "9.4.2",
      "resolved": "https://registry.npmmirror.com/@dicebear/bottts-neutral/-/bottts-neutral-9.4.2.tgz",
      "integrity": "sha512-kFNwWt6j+gzZ5n5Pz7WVwePubREAQOF8ZwWA9ztwVYDVMLnOChWbAofy5FED4j5md2MXFH2EgLCFCMr5K2BmIA==",
      "license": "See LICENSE file",
      "engines": {
        "node": ">=18.0.0"
      },
      "peerDependencies": {
        "@dicebear/core": "^9.0.0"
      }
    },
    "node_modules/@dicebear/collection": {
      "version": "9.4.2",
      "resolved": "https://registry.npmmirror.com/@dicebear/collection/-/collection-9.4.2.tgz",
      "integrity": "sha512-KArubv7if8H7j9sIfpDK2hJJqrdNVR5zMPAMOSpIU2JPyXx8TC9o5wsmXb8il5wOHgaS9Q/cla7jUNIiDD7Gsg==",
      "license": "MIT",
      "dependencies": {
        "@dicebear/adventurer": "9.4.2",
        "@dicebear/adventurer-neutral": "9.4.2",
        "@dicebear/avataaars": "9.4.2",
        "@dicebear/avataaars-neutral": "9.4.2",
        "@dicebear/big-ears": "9.4.2",
        "@dicebear/big-ears-neutral": "9.4.2",
        "@dicebear/big-smile": "9.4.2",
        "@dicebear/bottts": "9.4.2",
        "@dicebear/bottts-neutral": "9.4.2",
        "@dicebear/croodles": "9.4.2",
        "@dicebear/croodles-neutral": "9.4.2",
        "@dicebear/dylan": "9.4.2",
        "@dicebear/fun-emoji": "9.4.2",
        "@dicebear/glass": "9.4.2",
        "@dicebear/icons": "9.4.2",
        "@dicebear/identicon": "9.4.2",
        "@dicebear/initials": "9.4.2",
        "@dicebear/lorelei": "9.4.2",
        "@dicebear/lorelei-neutral": "9.4.2",
        "@dicebear/micah": "9.4.2",
        "@dicebear/miniavs": "9.4.2",
        "@dicebear/notionists": "9.4.2",
        "@dicebear/notionists-neutral": "9.4.2",
        "@dicebear/open-peeps": "9.4.2",
        "@dicebear/personas": "9.4.2",
        "@dicebear/pixel-art": "9.4.2",
        "@dicebear/pixel-art-neutral": "9.4.2",
        "@dicebear/rings": "9.4.2",
        "@dicebear/shapes": "9.4.2",
        "@dicebear/thumbs": "9.4.2",
        "@dicebear/toon-head": "9.4.2"
      },
      "engines": {
        "node": ">=18.0.0"
      },
      "peerDependencies": {
        "@dicebear/core": "^9.0.0"
      }
    },
    "node_modules/@dicebear/core": {
      "version": "9.4.2",
      "resolved": "https://registry.npmmirror.com/@dicebear/core/-/core-9.4.2.tgz",
      "integrity": "sha512-MF0042+Z3s8PGZKZLySfhft28bUa3B1iq0e5NSjCvY8gfMi5aIH/iRJGRJa1N9Jz1BNkxYb4yvJ/N9KO8Z6Y+w==",
      "license": "MIT",
      "dependencies": {
        "@types/json-schema": "^7.0.15"
      },
      "engines": {
        "node": ">=18.0.0"
      }
    },
    "node_modules/@dicebear/croodles": {
      "version": "9.4.2",
      "resolved": "https://registry.npmmirror.com/@dicebear/croodles/-/croodles-9.4.2.tgz",
      "integrity": "sha512-6VoO0JviIf7dKKMBTL/SMXxWhnXHaZuzufX90G0nXxS77ELG1YkGNMaZzawizN4C09Gbya2gJkozqrWiJN/aGw==",
      "license": "(MIT AND CC-BY-4.0)",
      "engines": {
        "node": ">=18.0.0"
      },
      "peerDependencies": {
        "@dicebear/core": "^9.0.0"
      }
    },
    "node_modules/@dicebear/croodles-neutral": {
      "version": "9.4.2",
      "resolved": "https://registry.npmmirror.com/@dicebear/croodles-neutral/-/croodles-neutral-9.4.2.tgz",
      "integrity": "sha512-oG5IeUdtiYshQ89gkAVcl5w3xAEi5UZX2fTzIyelpBPCG176l7VuuFzlxi2umnB3E6LVHYy06DXvUo/p+rXB2Q==",
      "license": "(MIT AND CC-BY-4.0)",
      "engines": {
        "node": ">=18.0.0"
      },
      "peerDependencies": {
        "@dicebear/core": "^9.0.0"
      }
    },
    "node_modules/@dicebear/dylan": {
      "version": "9.4.2",
      "resolved": "https://registry.npmmirror.com/@dicebear/dylan/-/dylan-9.4.2.tgz",
      "integrity": "sha512-1vQvRu9x9DrwFxhFaIU2rf0EUL04yDTbAt7fHyAjM0mEsKzTD4mRNf95tCRuavCoW6W48u7A/OY6jyIub6kxLQ==",
      "license": "(MIT AND CC-BY-4.0)",
      "engines": {
        "node": ">=18.0.0"
      },
      "peerDependencies": {
        "@dicebear/core": "^9.0.0"
      }
    },
    "node_modules/@dicebear/fun-emoji": {
      "version": "9.4.2",
      "resolved": "https://registry.npmmirror.com/@dicebear/fun-emoji/-/fun-emoji-9.4.2.tgz",
      "integrity": "sha512-kqB6LPkdYCdEU/mwbyz34xLzoNUKL6ARcoo3fr5ASq9D6ZE07qIKybC3xv5+CPz7VmspJ1Q3c/VVWVMDRP7Twg==",
      "license": "(MIT AND CC-BY-4.0)",
      "engines": {
        "node": ">=18.0.0"
      },
      "peerDependencies": {
        "@dicebear/core": "^9.0.0"
      }
    },
    "node_modules/@dicebear/glass": {
      "version": "9.4.2",
      "resolved": "https://registry.npmmirror.com/@dicebear/glass/-/glass-9.4.2.tgz",
      "integrity": "sha512-z5qUogHQ1b6UJ2zCqT848mU2U9DKbVDhiX6GPDjD7tYLisCCJVisH9p6WyNdHvflUd4SHkA6gRqVJIh2v2HnTA==",
      "license": "MIT",
      "engines": {
        "node": ">=18.0.0"
      },
      "peerDependencies": {
        "@dicebear/core": "^9.0.0"
      }
    },
    "node_modules/@dicebear/icons": {
      "version": "9.4.2",
      "resolved": "https://registry.npmmirror.com/@dicebear/icons/-/icons-9.4.2.tgz",
      "integrity": "sha512-QSMMz0NA03ypSGhXC8HQX8FSj8lYT+/5yqH+/N03OH2IjL0q7wwGZ7nqsrtlRp76O5WqMTwGfSbTUUYPjFr+Xw==",
      "license": "MIT",
      "engines": {
        "node": ">=18.0.0"
      },
      "peerDependencies": {
        "@dicebear/core": "^9.0.0"
      }
    },
    "node_modules/@dicebear/identicon": {
      "version": "9.4.2",
      "resolved": "https://registry.npmmirror.com/@dicebear/identicon/-/identicon-9.4.2.tgz",
      "integrity": "sha512-JVDSmZsv11mSWqwAktK5x9Bslht2xY3TFUn8xzu6slAYe1Z7hEXZ76eb+UJ6F4qEzdwZ7xPWzAS6Nb0Y3A0pww==",
      "license": "MIT",
      "engines": {
        "node": ">=18.0.0"
      },
      "peerDependencies": {
        "@dicebear/core": "^9.0.0"
      }
    },
    "node_modules/@dicebear/initials": {
      "version": "9.4.2",
      "resolved": "https://registry.npmmirror.com/@dicebear/initials/-/initials-9.4.2.tgz",
      "integrity": "sha512-yePuIUasmwtl9IrtB6rEzE/zb5fImKP/neW0CdcTC2MwLgMuP1GLHEGRgg1zI8exIh+PMv1YdLGyyUuRTE2Qpw==",
      "license": "MIT",
      "engines": {
        "node": ">=18.0.0"
      },
      "peerDependencies": {
        "@dicebear/core": "^9.0.0"
      }
    },
    "node_modules/@dicebear/lorelei": {
      "version": "9.4.2",
      "resolved": "https://registry.npmmirror.com/@dicebear/lorelei/-/lorelei-9.4.2.tgz",
      "integrity": "sha512-YMv6vnriW6VLFDsreKuOnUFFno6SRe7+7X7R7zPY0rZ+MaHX9V3jcioIG+1PSjIHEDfOLUHpr5vd1JBWv8y7UA==",
      "license": "MIT",
      "engines": {
        "node": ">=18.0.0"
      },
      "peerDependencies": {
        "@dicebear/core": "^9.0.0"
      }
    },
    "node_modules/@dicebear/lorelei-neutral": {
      "version": "9.4.2",
      "resolved": "https://registry.npmmirror.com/@dicebear/lorelei-neutral/-/lorelei-neutral-9.4.2.tgz",
      "integrity": "sha512-yspanTthA5vh6iCdeLzn6xZ4yYMYRcfcxblcgSvHTF1ut0bjAXtw5SXzZ6aJTrJWiHkzYOQuTOR6GVYiW80Q7w==",
      "license": "MIT",
      "engines": {
        "node": ">=18.0.0"
      },
      "peerDependencies": {
        "@dicebear/core": "^9.0.0"
      }
    },
    "node_modules/@dicebear/micah": {
      "version": "9.4.2",
      "resolved": "https://registry.npmmirror.com/@dicebear/micah/-/micah-9.4.2.tgz",
      "integrity": "sha512-e4D3W/OlChSsLo7Llwsy0J18vk0azJqF/uFoY+EKACCNHBc1HGNsqVvu2CTf+OWOA8wTyAK6UkjBN5p01r7D+g==",
      "license": "(MIT AND CC-BY-4.0)",
      "engines": {
        "node": ">=18.0.0"
      },
      "peerDependencies": {
        "@dicebear/core": "^9.0.0"
      }
    },
    "node_modules/@dicebear/miniavs": {
      "version": "9.4.2",
      "resolved": "https://registry.npmmirror.com/@dicebear/miniavs/-/miniavs-9.4.2.tgz",
      "integrity": "sha512-wLwyFNNUnDRd3BbhSBhXR0XEpX8sG0/xDA5M/OkDoapLqZnnI48YLUSDd2N5QTAVMmcSEuZOYxkcnj7WW79vlg==",
      "license": "(MIT AND CC-BY-4.0)",
      "engines": {
        "node": ">=18.0.0"
      },
      "peerDependencies": {
        "@dicebear/core": "^9.0.0"
      }
    },
    "node_modules/@dicebear/notionists": {
      "version": "9.4.2",
      "resolved": "https://registry.npmmirror.com/@dicebear/notionists/-/notionists-9.4.2.tgz",
      "integrity": "sha512-ZCySq+nxcD/x4xyYgytcj2N9uY3gxrL+qpnmOdp2BdA221KacVrxlsUPpIgEMqxS2rMmBQXfxg129Pzn4ycIpA==",
      "license": "MIT",
      "engines": {
        "node": ">=18.0.0"
      },
      "peerDependencies": {
        "@dicebear/core": "^9.0.0"
      }
    },
    "node_modules/@dicebear/notionists-neutral": {
      "version": "9.4.2",
      "resolved": "https://registry.npmmirror.com/@dicebear/notionists-neutral/-/notionists-neutral-9.4.2.tgz",
      "integrity": "sha512-AyD9kEfVxQUwDGf4Op059gVmYIOAkTKg3dtE9h9mEKP7zl/kMy5B67BFFOo7sB0mXCjzAegZ6ekGU02E8+hIHw==",
      "license": "MIT",
      "engines": {
        "node": ">=18.0.0"
      },
      "peerDependencies": {
        "@dicebear/core": "^9.0.0"
      }
    },
    "node_modules/@dicebear/open-peeps": {
      "version": "9.4.2",
      "resolved": "https://registry.npmmirror.com/@dicebear/open-peeps/-/open-peeps-9.4.2.tgz",
      "integrity": "sha512-i01tLgtp2g937T81sVeAOVlqsCtiTck/Kw20g7hN80+7xrXjOUepz2HPLy3HeiMjwjMGRy5o54kSd0/8Ht4Dqg==",
      "license": "MIT",
      "engines": {
        "node": ">=18.0.0"
      },
      "peerDependencies": {
        "@dicebear/core": "^9.0.0"
      }
    },
    "node_modules/@dicebear/personas": {
      "version": "9.4.2",
      "resolved": "https://registry.npmmirror.com/@dicebear/personas/-/personas-9.4.2.tgz",
      "integrity": "sha512-NJlkvI5F5gugt6t2+7QrYNTwQC7+4IQZS3vG0dYk2BncxOHax0BuLovdSdiAesTL4ZkytFYIydWmKmV2/xcUwg==",
      "license": "(MIT AND CC-BY-4.0)",
      "engines": {
        "node": ">=18.0.0"
      },
      "peerDependencies": {
        "@dicebear/core": "^9.0.0"
      }
    },
    "node_modules/@dicebear/pixel-art": {
      "version": "9.4.2",
      "resolved": "https://registry.npmmirror.com/@dicebear/pixel-art/-/pixel-art-9.4.2.tgz",
      "integrity": "sha512-peHf7oKICDgBZ8dUyj+txPnS7VZEWgvKE+xW4mNQqBt6dYZIjmva2shOVHn0b1JU+FDxMx3uIkWVixKdUq4WGg==",
      "license": "MIT",
      "engines": {
        "node": ">=18.0.0"
      },
      "peerDependencies": {
        "@dicebear/core": "^9.0.0"
      }
    },
    "node_modules/@dicebear/pixel-art-neutral": {
      "version": "9.4.2",
      "resolved": "https://registry.npmmirror.com/@dicebear/pixel-art-neutral/-/pixel-art-neutral-9.4.2.tgz",
      "integrity": "sha512-9e9Lz554uQvWaXV2P17ss+hPa6rTyuAKBtB8zk8ECjHiZzIl61N/KcTVLZ4dILVZwj7gYriaLo16QEqvL2GJCg==",
      "license": "MIT",
      "engines": {
        "node": ">=18.0.0"
      },
      "peerDependencies": {
        "@dicebear/core": "^9.0.0"
      }
    },
    "node_modules/@dicebear/rings": {
      "version": "9.4.2",
      "resolved": "https://registry.npmmirror.com/@dicebear/rings/-/rings-9.4.2.tgz",
      "integrity": "sha512-Pc3ymWrRDQPJFNrbbLt7RJrzGvUuuxUiDkrfLhoVE+B6mZWEL1PC78DPbS1yUWYLErJOpJuM2GSwXmTbVjWf+g==",
      "license": "MIT",
      "engines": {
        "node": ">=18.0.0"
      },
      "peerDependencies": {
        "@dicebear/core": "^9.0.0"
      }
    },
    "node_modules/@dicebear/shapes": {
      "version": "9.4.2",
      "resolved": "https://registry.npmmirror.com/@dicebear/shapes/-/shapes-9.4.2.tgz",
      "integrity": "sha512-AFL6jAaiLztvcqyq+ds+lWZu6Vbp3PlGWhJeJRm842jxtiluJpl6r4f6nUXP2fdMz7MNpDzXfLooQK9E04NbUQ==",
      "license": "MIT",
      "engines": {
        "node": ">=18.0.0"
      },
      "peerDependencies": {
        "@dicebear/core": "^9.0.0"
      }
    },
    "node_modules/@dicebear/thumbs": {
      "version": "9.4.2",
      "resolved": "https://registry.npmmirror.com/@dicebear/thumbs/-/thumbs-9.4.2.tgz",
      "integrity": "sha512-ccWvDBqbkWS5uzHbsg5L6uML6vBfX7jT3J3jHCQksvz8haHItxTK02w+6e1UavZUsvza4lG5X/XY3eji3siJ4Q==",
      "license": "MIT",
      "engines": {
        "node": ">=18.0.0"
      },
      "peerDependencies": {
        "@dicebear/core": "^9.0.0"
      }
    },
    "node_modules/@dicebear/toon-head": {
      "version": "9.4.2",
      "resolved": "https://registry.npmmirror.com/@dicebear/toon-head/-/toon-head-9.4.2.tgz",
      "integrity": "sha512-lwFeSXyAnaKnCfMt9TiJwnD1cXQUGkey/0h6i/+4TVHVMCz5/Ri5u1ynovPNHy1SnBf858QwoXHkxilGLwQX/g==",
      "license": "(MIT AND CC-BY-4.0)",
      "engines": {
        "node": ">=16.0.0"
      },
      "peerDependencies": {
        "@dicebear/core": "^9.0.0"
      }
    },
    "node_modules/@emnapi/core": {
      "version": "1.10.0",
      "resolved": "https://registry.npmmirror.com/@emnapi/core/-/core-1.10.0.tgz",
      "integrity": "sha512-yq6OkJ4p82CAfPl0u9mQebQHKPJkY7WrIuk205cTYnYe+k2Z8YBh11FrbRG/H6ihirqcacOgl2BIO8oyMQLeXw==",
      "dev": true,
      "license": "MIT",
      "optional": true,
      "dependencies": {
        "@emnapi/wasi-threads": "1.2.1",
        "tslib": "^2.4.0"
      }
    },
    "node_modules/@emnapi/runtime": {
      "version": "1.10.0",
      "resolved": "https://registry.npmmirror.com/@emnapi/runtime/-/runtime-1.10.0.tgz",
      "integrity": "sha512-ewvYlk86xUoGI0zQRNq/mC+16R1QeDlKQy21Ki3oSYXNgLb45GV1P6A0M+/s6nyCuNDqe5VpaY84BzXGwVbwFA==",
      "dev": true,
      "license": "MIT",
      "optional": true,
      "dependencies": {
        "tslib": "^2.4.0"
      }
    },
    "node_modules/@emnapi/wasi-threads": {
      "version": "1.2.1",
      "resolved": "https://registry.npmmirror.com/@emnapi/wasi-threads/-/wasi-threads-1.2.1.tgz",
      "integrity": "sha512-uTII7OYF+/Mes/MrcIOYp5yOtSMLBWSIoLPpcgwipoiKbli6k322tcoFsxoIIxPDqW01SQGAgko4EzZi2BNv2w==",
      "dev": true,
      "license": "MIT",
      "optional": true,
      "dependencies": {
        "tslib": "^2.4.0"
      }
    },
    "node_modules/@napi-rs/wasm-runtime": {
      "version": "1.1.4",
      "resolved": "https://registry.npmmirror.com/@napi-rs/wasm-runtime/-/wasm-runtime-1.1.4.tgz",
      "integrity": "sha512-3NQNNgA1YSlJb/kMH1ildASP9HW7/7kYnRI2szWJaofaS1hWmbGI4H+d3+22aGzXXN9IJ+n+GiFVcGipJP18ow==",
      "dev": true,
      "license": "MIT",
      "optional": true,
      "dependencies": {
        "@tybys/wasm-util": "^0.10.1"
      },
      "funding": {
        "type": "github",
        "url": "https://github.com/sponsors/Brooooooklyn"
      },
      "peerDependencies": {
        "@emnapi/core": "^1.7.1",
        "@emnapi/runtime": "^1.7.1"
      }
    },
    "node_modules/@oxc-project/types": {
      "version": "0.132.0",
      "resolved": "https://registry.npmmirror.com/@oxc-project/types/-/types-0.132.0.tgz",
      "integrity": "sha512-FESMOxil5Se014ui/Eq8fT5uHJo6nIRwH0PfJrZJXs6Gek3ZVFOrpUv3YIZT20m+extU98Hg1Ym72U58rlsxUQ==",
      "dev": true,
      "license": "MIT",
      "funding": {
        "url": "https://github.com/sponsors/Boshen"
      }
    },
    "node_modules/@rolldown/binding-android-arm64": {
      "version": "1.0.2",
      "resolved": "https://registry.npmmirror.com/@rolldown/binding-android-arm64/-/binding-android-arm64-1.0.2.tgz",
      "integrity": "sha512-ZS4D1JPGn/MYQN/SYDWftIE/nVsM8j/AFOYEzAoOE2O3NktQOZru+/vYXGbR/qtdLdIfGCP0lcoJiYVzsEz+iQ==",
      "cpu": [
        "arm64"
      ],
      "dev": true,
      "license": "MIT",
      "optional": true,
      "os": [
        "android"
      ],
      "engines": {
        "node": "^20.19.0 || >=22.12.0"
      }
    },
    "node_modules/@rolldown/binding-darwin-arm64": {
      "version": "1.0.2",
      "resolved": "https://registry.npmmirror.com/@rolldown/binding-darwin-arm64/-/binding-darwin-arm64-1.0.2.tgz",
      "integrity": "sha512-vdFA9+C/rekyGce7WqHs/xoT0ioZEWaOFyZLIV1mEeNFaFDUQrPIo8Vs2GvJ6eetb3rzDUtUBgzto3ExpXJB3w==",
      "cpu": [
        "arm64"
      ],
      "dev": true,
      "license": "MIT",
      "optional": true,
      "os": [
        "darwin"
      ],
      "engines": {
        "node": "^20.19.0 || >=22.12.0"
      }
    },
    "node_modules/@rolldown/binding-darwin-x64": {
      "version": "1.0.2",
      "resolved": "https://registry.npmmirror.com/@rolldown/binding-darwin-x64/-/binding-darwin-x64-1.0.2.tgz",
      "integrity": "sha512-BewSOwTHazv77DTYiAZXSqqKZ4KP/KonFisDMVU7PImxoWfB2aepnPhd2E4SWz3zDzYgDNbs6jBmTdgNnF02GA==",
      "cpu": [
        "x64"
      ],
      "dev": true,
      "license": "MIT",
      "optional": true,
      "os": [
        "darwin"
      ],
      "engines": {
        "node": "^20.19.0 || >=22.12.0"
      }
    },
    "node_modules/@rolldown/binding-freebsd-x64": {
      "version": "1.0.2",
      "resolved": "https://registry.npmmirror.com/@rolldown/binding-freebsd-x64/-/binding-freebsd-x64-1.0.2.tgz",
      "integrity": "sha512-m41o7M0YWtUdqk61Tb+jnKb2rN++iRdIASlExkUoKfIAH30DOHCB8fVLzSUpbWHHU8esmEioY62PxzexE8MBuA==",
      "cpu": [
        "x64"
      ],
      "dev": true,
      "license": "MIT",
      "optional": true,
      "os": [
        "freebsd"
      ],
      "engines": {
        "node": "^20.19.0 || >=22.12.0"
      }
    },
    "node_modules/@rolldown/binding-linux-arm-gnueabihf": {
      "version": "1.0.2",
      "resolved": "https://registry.npmmirror.com/@rolldown/binding-linux-arm-gnueabihf/-/binding-linux-arm-gnueabihf-1.0.2.tgz",
      "integrity": "sha512-jcojB9H7W/jS29pMKWAK1N+fU99vXodHDTatS3b3y/XSOCiHo0kkA74pL3jJmkoQtYpOCxDvaKs1fo2Ij/1X5w==",
      "cpu": [
        "arm"
      ],
      "dev": true,
      "license": "MIT",
      "optional": true,
      "os": [
        "linux"
      ],
      "engines": {
        "node": "^20.19.0 || >=22.12.0"
      }
    },
    "node_modules/@rolldown/binding-linux-arm64-gnu": {
      "version": "1.0.2",
      "resolved": "https://registry.npmmirror.com/@rolldown/binding-linux-arm64-gnu/-/binding-linux-arm64-gnu-1.0.2.tgz",
      "integrity": "sha512-1jn6qDU5iiOgFgygDzKUuKP0maTi0/f1+sBLgvij/76C77Nm3ts6ufz9Bjg5q5dduxiUIxtq86JIoBvo1xQ4Ig==",
      "cpu": [
        "arm64"
      ],
      "dev": true,
      "license": "MIT",
      "optional": true,
      "os": [
        "linux"
      ],
      "engines": {
        "node": "^20.19.0 || >=22.12.0"
      }
    },
    "node_modules/@rolldown/binding-linux-arm64-musl": {
      "version": "1.0.2",
      "resolved": "https://registry.npmmirror.com/@rolldown/binding-linux-arm64-musl/-/binding-linux-arm64-musl-1.0.2.tgz",
      "integrity": "sha512-QVLO/czFMdoMFSqlX3bcswcJNm/23r+qoa/jgtmFc/qEp6/jXmIkDjF/XIo8dPfGaiwy1xfQn8o77L79GeXFgw==",
      "cpu": [
        "arm64"
      ],
      "dev": true,
      "license": "MIT",
      "optional": true,
      "os": [
        "linux"
      ],
      "engines": {
        "node": "^20.19.0 || >=22.12.0"
      }
    },
    "node_modules/@rolldown/binding-linux-ppc64-gnu": {
      "version": "1.0.2",
      "resolved": "https://registry.npmmirror.com/@rolldown/binding-linux-ppc64-gnu/-/binding-linux-ppc64-gnu-1.0.2.tgz",
      "integrity": "sha512-hgO5Abm0w5UL6FEa2iFnZqo2KlK7TQ5QhV5x09hujBf7t5KzHQ1VmfPuTpqRy/rNlSxua3eWH374xxiVrP+lcA==",
      "cpu": [
        "ppc64"
      ],
      "dev": true,
      "license": "MIT",
      "optional": true,
      "os": [
        "linux"
      ],
      "engines": {
        "node": "^20.19.0 || >=22.12.0"
      }
    },
    "node_modules/@rolldown/binding-linux-s390x-gnu": {
      "version": "1.0.2",
      "resolved": "https://registry.npmmirror.com/@rolldown/binding-linux-s390x-gnu/-/binding-linux-s390x-gnu-1.0.2.tgz",
      "integrity": "sha512-fy8rXxuYEu602abC8MUNaPjYLIFzReOaEIEMKMUa0rFEUxNpVXhs15KSSQ4qlqSaM7B6rcj9rDZgADh/IGDzLQ==",
      "cpu": [
        "s390x"
      ],
      "dev": true,
      "license": "MIT",
      "optional": true,
      "os": [
        "linux"
      ],
      "engines": {
        "node": "^20.19.0 || >=22.12.0"
      }
    },
    "node_modules/@rolldown/binding-linux-x64-gnu": {
      "version": "1.0.2",
      "resolved": "https://registry.npmmirror.com/@rolldown/binding-linux-x64-gnu/-/binding-linux-x64-gnu-1.0.2.tgz",
      "integrity": "sha512-0+bOkiQ779+r1WpoHOWHqncvyySci0vKph+myNDYb+im6meJAzHQXay6oEgnkHuUGouM1LKTZwqKpBow6Kj7CQ==",
      "cpu": [
        "x64"
      ],
      "dev": true,
      "license": "MIT",
      "optional": true,
      "os": [
        "linux"
      ],
      "engines": {
        "node": "^20.19.0 || >=22.12.0"
      }
    },
    "node_modules/@rolldown/binding-linux-x64-musl": {
      "version": "1.0.2",
      "resolved": "https://registry.npmmirror.com/@rolldown/binding-linux-x64-musl/-/binding-linux-x64-musl-1.0.2.tgz",
      "integrity": "sha512-mjSkrzZK5Qsl0a9d1JgILOiuZOSDTVdKENcSXBoqbzSrspLR/4/IRVDo5wd2GgZjNss/viBFJdeq+j7qH2nypw==",
      "cpu": [
        "x64"
      ],
      "dev": true,
      "license": "MIT",
      "optional": true,
      "os": [
        "linux"
      ],
      "engines": {
        "node": "^20.19.0 || >=22.12.0"
      }
    },
    "node_modules/@rolldown/binding-openharmony-arm64": {
      "version": "1.0.2",
      "resolved": "https://registry.npmmirror.com/@rolldown/binding-openharmony-arm64/-/binding-openharmony-arm64-1.0.2.tgz",
      "integrity": "sha512-1v5vHasdfQAZoEHakBV72LIFAC9JjnymsiKxp+GEr/ma3+NJCPSaYK+qavInOovJkgwFrs7GccX2d6IgDA3Z5w==",
      "cpu": [
        "arm64"
      ],
      "dev": true,
      "license": "MIT",
      "optional": true,
      "os": [
        "openharmony"
      ],
      "engines": {
        "node": "^20.19.0 || >=22.12.0"
      }
    },
    "node_modules/@rolldown/binding-wasm32-wasi": {
      "version": "1.0.2",
      "resolved": "https://registry.npmmirror.com/@rolldown/binding-wasm32-wasi/-/binding-wasm32-wasi-1.0.2.tgz",
      "integrity": "sha512-mb1VobWn6NheziTk5/WEaR6AKVbrwT5sOi6C7zk3gy/pD1qtJfU1j4PgTo2NJnOtbL9Dl3Aeei8w9jJ7qC2jZQ==",
      "cpu": [
        "wasm32"
      ],
      "dev": true,
      "license": "MIT",
      "optional": true,
      "dependencies": {
        "@emnapi/core": "1.10.0",
        "@emnapi/runtime": "1.10.0",
        "@napi-rs/wasm-runtime": "^1.1.4"
      },
      "engines": {
        "node": "^20.19.0 || >=22.12.0"
      }
    },
    "node_modules/@rolldown/binding-win32-arm64-msvc": {
      "version": "1.0.2",
      "resolved": "https://registry.npmmirror.com/@rolldown/binding-win32-arm64-msvc/-/binding-win32-arm64-msvc-1.0.2.tgz",
      "integrity": "sha512-SqKonF56vA/L2yHwHYcEp2P34URpOZ7d1fS635cTkpDnUtEGdUbhI6NzsPdqeSWvAAeGDrxjWjNmibDIdFf9/A==",
      "cpu": [
        "arm64"
      ],
      "dev": true,
      "license": "MIT",
      "optional": true,
      "os": [
        "win32"
      ],
      "engines": {
        "node": "^20.19.0 || >=22.12.0"
      }
    },
    "node_modules/@rolldown/binding-win32-x64-msvc": {
      "version": "1.0.2",
      "resolved": "https://registry.npmmirror.com/@rolldown/binding-win32-x64-msvc/-/binding-win32-x64-msvc-1.0.2.tgz",
      "integrity": "sha512-v7qRI7gXLRINcOGXt+7YmAZ6iFuyZVMIoXAxhd8oP+DR9dLfL9GfNIx7PLMxmhZdvq8waUJBQiWN9EKNy+TRBQ==",
      "cpu": [
        "x64"
      ],
      "dev": true,
      "license": "MIT",
      "optional": true,
      "os": [
        "win32"
      ],
      "engines": {
        "node": "^20.19.0 || >=22.12.0"
      }
    },
    "node_modules/@rolldown/pluginutils": {
      "version": "1.0.1",
      "resolved": "https://registry.npmmirror.com/@rolldown/pluginutils/-/pluginutils-1.0.1.tgz",
      "integrity": "sha512-2j9bGt5Jh8hj+vPtgzPtl72j0yRxHAyumoo6TNfAjsLB04UtpSvPbPcDcBMxz7n+9CYB0c1GxQFxYRg2jimqGw==",
      "dev": true,
      "license": "MIT"
    },
    "node_modules/@tybys/wasm-util": {
      "version": "0.10.2",
      "resolved": "https://registry.npmmirror.com/@tybys/wasm-util/-/wasm-util-0.10.2.tgz",
      "integrity": "sha512-RoBvJ2X0wuKlWFIjrwffGw1IqZHKQqzIchKaadZZfnNpsAYp2mM0h36JtPCjNDAHGgYez/15uMBpfGwchhiMgg==",
      "dev": true,
      "license": "MIT",
      "optional": true,
      "dependencies": {
        "tslib": "^2.4.0"
      }
    },
    "node_modules/@types/json-schema": {
      "version": "7.0.15",
      "resolved": "https://registry.npmmirror.com/@types/json-schema/-/json-schema-7.0.15.tgz",
      "integrity": "sha512-5+fP8P8MFNC+AyZCDxrB2pkZFPGzqQWUzpSeuuVLvm8VMcorNYavBqoFcxK8bQz4Qsbn4oUEEem4wDLfcysGHA==",
      "license": "MIT"
    },
    "node_modules/@types/react": {
      "version": "19.2.15",
      "resolved": "https://registry.npmmirror.com/@types/react/-/react-19.2.15.tgz",
      "integrity": "sha512-eRwcGNHve+E8qtEQSSRl6urh+rFop4v8gm6O8rGv25CodbvFdLjA1vVQ1KkiFE0w0UPOnb8tDiFKL5lp0rtY5Q==",
      "dev": true,
      "license": "MIT",
      "dependencies": {
        "csstype": "^3.2.2"
      }
    },
    "node_modules/@types/react-dom": {
      "version": "19.2.3",
      "resolved": "https://registry.npmmirror.com/@types/react-dom/-/react-dom-19.2.3.tgz",
      "integrity": "sha512-jp2L/eY6fn+KgVVQAOqYItbF0VY/YApe5Mz2F0aykSO8gx31bYCZyvSeYxCHKvzHG5eZjc+zyaS5BrBWya2+kQ==",
      "dev": true,
      "license": "MIT",
      "peerDependencies": {
        "@types/react": "^19.2.0"
      }
    },
    "node_modules/@vitejs/plugin-react": {
      "version": "6.0.2",
      "resolved": "https://registry.npmmirror.com/@vitejs/plugin-react/-/plugin-react-6.0.2.tgz",
      "integrity": "sha512-DlSMqo4WhThw4vB8Mpn0Woe9J+Jfq1geJ61AKW0QEgLzGMNwtIMdxbDUzLxcun8W7NbJO0e2Jg/Nxm3cCSVzzg==",
      "dev": true,
      "license": "MIT",
      "dependencies": {
        "@rolldown/pluginutils": "^1.0.0"
      },
      "engines": {
        "node": "^20.19.0 || >=22.12.0"
      },
      "peerDependencies": {
        "@rolldown/plugin-babel": "^0.1.7 || ^0.2.0",
        "babel-plugin-react-compiler": "^1.0.0",
        "vite": "^8.0.0"
      },
      "peerDependenciesMeta": {
        "@rolldown/plugin-babel": {
          "optional": true
        },
        "babel-plugin-react-compiler": {
          "optional": true
        }
      }
    },
    "node_modules/csstype": {
      "version": "3.2.3",
      "resolved": "https://registry.npmmirror.com/csstype/-/csstype-3.2.3.tgz",
      "integrity": "sha512-z1HGKcYy2xA8AGQfwrn0PAy+PB7X/GSj3UVJW9qKyn43xWa+gl5nXmU4qqLMRzWVLFC8KusUX8T/0kCiOYpAIQ==",
      "dev": true,
      "license": "MIT"
    },
    "node_modules/detect-libc": {
      "version": "2.1.2",
      "resolved": "https://registry.npmmirror.com/detect-libc/-/detect-libc-2.1.2.tgz",
      "integrity": "sha512-Btj2BOOO83o3WyH59e8MgXsxEQVcarkUOpEYrubB0urwnN10yQ364rsiByU11nZlqWYZm05i/of7io4mzihBtQ==",
      "dev": true,
      "license": "Apache-2.0",
      "engines": {
        "node": ">=8"
      }
    },
    "node_modules/fdir": {
      "version": "6.5.0",
      "resolved": "https://registry.npmmirror.com/fdir/-/fdir-6.5.0.tgz",
      "integrity": "sha512-tIbYtZbucOs0BRGqPJkshJUYdL+SDH7dVM8gjy+ERp3WAUjLEFJE+02kanyHtwjWOnwrKYBiwAmM0p4kLJAnXg==",
      "dev": true,
      "license": "MIT",
      "engines": {
        "node": ">=12.0.0"
      },
      "peerDependencies": {
        "picomatch": "^3 || ^4"
      },
      "peerDependenciesMeta": {
        "picomatch": {
          "optional": true
        }
      }
    },
    "node_modules/fsevents": {
      "version": "2.3.3",
      "resolved": "https://registry.npmmirror.com/fsevents/-/fsevents-2.3.3.tgz",
      "integrity": "sha512-5xoDfX+fL7faATnagmWPpbFtwh/R77WmMMqqHGS65C3vvB0YHrgF+B1YmZ3441tMj5n63k0212XNoJwzlhffQw==",
      "dev": true,
      "hasInstallScript": true,
      "license": "MIT",
      "optional": true,
      "os": [
        "darwin"
      ],
      "engines": {
        "node": "^8.16.0 || ^10.6.0 || >=11.0.0"
      }
    },
    "node_modules/lightningcss": {
      "version": "1.32.0",
      "resolved": "https://registry.npmmirror.com/lightningcss/-/lightningcss-1.32.0.tgz",
      "integrity": "sha512-NXYBzinNrblfraPGyrbPoD19C1h9lfI/1mzgWYvXUTe414Gz/X1FD2XBZSZM7rRTrMA8JL3OtAaGifrIKhQ5yQ==",
      "dev": true,
      "license": "MPL-2.0",
      "dependencies": {
        "detect-libc": "^2.0.3"
      },
      "engines": {
        "node": ">= 12.0.0"
      },
      "funding": {
        "type": "opencollective",
        "url": "https://opencollective.com/parcel"
      },
      "optionalDependencies": {
        "lightningcss-android-arm64": "1.32.0",
        "lightningcss-darwin-arm64": "1.32.0",
        "lightningcss-darwin-x64": "1.32.0",
        "lightningcss-freebsd-x64": "1.32.0",
        "lightningcss-linux-arm-gnueabihf": "1.32.0",
        "lightningcss-linux-arm64-gnu": "1.32.0",
        "lightningcss-linux-arm64-musl": "1.32.0",
        "lightningcss-linux-x64-gnu": "1.32.0",
        "lightningcss-linux-x64-musl": "1.32.0",
        "lightningcss-win32-arm64-msvc": "1.32.0",
        "lightningcss-win32-x64-msvc": "1.32.0"
      }
    },
    "node_modules/lightningcss-android-arm64": {
      "version": "1.32.0",
      "resolved": "https://registry.npmmirror.com/lightningcss-android-arm64/-/lightningcss-android-arm64-1.32.0.tgz",
      "integrity": "sha512-YK7/ClTt4kAK0vo6w3X+Pnm0D2cf2vPHbhOXdoNti1Ga0al1P4TBZhwjATvjNwLEBCnKvjJc2jQgHXH0NEwlAg==",
      "cpu": [
        "arm64"
      ],
      "dev": true,
      "license": "MPL-2.0",
      "optional": true,
      "os": [
        "android"
      ],
      "engines": {
        "node": ">= 12.0.0"
      },
      "funding": {
        "type": "opencollective",
        "url": "https://opencollective.com/parcel"
      }
    },
    "node_modules/lightningcss-darwin-arm64": {
      "version": "1.32.0",
      "resolved": "https://registry.npmmirror.com/lightningcss-darwin-arm64/-/lightningcss-darwin-arm64-1.32.0.tgz",
      "integrity": "sha512-RzeG9Ju5bag2Bv1/lwlVJvBE3q6TtXskdZLLCyfg5pt+HLz9BqlICO7LZM7VHNTTn/5PRhHFBSjk5lc4cmscPQ==",
      "cpu": [
        "arm64"
      ],
      "dev": true,
      "license": "MPL-2.0",
      "optional": true,
      "os": [
        "darwin"
      ],
      "engines": {
        "node": ">= 12.0.0"
      },
      "funding": {
        "type": "opencollective",
        "url": "https://opencollective.com/parcel"
      }
    },
    "node_modules/lightningcss-darwin-x64": {
      "version": "1.32.0",
      "resolved": "https://registry.npmmirror.com/lightningcss-darwin-x64/-/lightningcss-darwin-x64-1.32.0.tgz",
      "integrity": "sha512-U+QsBp2m/s2wqpUYT/6wnlagdZbtZdndSmut/NJqlCcMLTWp5muCrID+K5UJ6jqD2BFshejCYXniPDbNh73V8w==",
      "cpu": [
        "x64"
      ],
      "dev": true,
      "license": "MPL-2.0",
      "optional": true,
      "os": [
        "darwin"
      ],
      "engines": {
        "node": ">= 12.0.0"
      },
      "funding": {
        "type": "opencollective",
        "url": "https://opencollective.com/parcel"
      }
    },
    "node_modules/lightningcss-freebsd-x64": {
      "version": "1.32.0",
      "resolved": "https://registry.npmmirror.com/lightningcss-freebsd-x64/-/lightningcss-freebsd-x64-1.32.0.tgz",
      "integrity": "sha512-JCTigedEksZk3tHTTthnMdVfGf61Fky8Ji2E4YjUTEQX14xiy/lTzXnu1vwiZe3bYe0q+SpsSH/CTeDXK6WHig==",
      "cpu": [
        "x64"
      ],
      "dev": true,
      "license": "MPL-2.0",
      "optional": true,
      "os": [
        "freebsd"
      ],
      "engines": {
        "node": ">= 12.0.0"
      },
      "funding": {
        "type": "opencollective",
        "url": "https://opencollective.com/parcel"
      }
    },
    "node_modules/lightningcss-linux-arm-gnueabihf": {
      "version": "1.32.0",
      "resolved": "https://registry.npmmirror.com/lightningcss-linux-arm-gnueabihf/-/lightningcss-linux-arm-gnueabihf-1.32.0.tgz",
      "integrity": "sha512-x6rnnpRa2GL0zQOkt6rts3YDPzduLpWvwAF6EMhXFVZXD4tPrBkEFqzGowzCsIWsPjqSK+tyNEODUBXeeVHSkw==",
      "cpu": [
        "arm"
      ],
      "dev": true,
      "license": "MPL-2.0",
      "optional": true,
      "os": [
        "linux"
      ],
      "engines": {
        "node": ">= 12.0.0"
      },
      "funding": {
        "type": "opencollective",
        "url": "https://opencollective.com/parcel"
      }
    },
    "node_modules/lightningcss-linux-arm64-gnu": {
      "version": "1.32.0",
      "resolved": "https://registry.npmmirror.com/lightningcss-linux-arm64-gnu/-/lightningcss-linux-arm64-gnu-1.32.0.tgz",
      "integrity": "sha512-0nnMyoyOLRJXfbMOilaSRcLH3Jw5z9HDNGfT/gwCPgaDjnx0i8w7vBzFLFR1f6CMLKF8gVbebmkUN3fa/kQJpQ==",
      "cpu": [
        "arm64"
      ],
      "dev": true,
      "license": "MPL-2.0",
      "optional": true,
      "os": [
        "linux"
      ],
      "engines": {
        "node": ">= 12.0.0"
      },
      "funding": {
        "type": "opencollective",
        "url": "https://opencollective.com/parcel"
      }
    },
    "node_modules/lightningcss-linux-arm64-musl": {
      "version": "1.32.0",
      "resolved": "https://registry.npmmirror.com/lightningcss-linux-arm64-musl/-/lightningcss-linux-arm64-musl-1.32.0.tgz",
      "integrity": "sha512-UpQkoenr4UJEzgVIYpI80lDFvRmPVg6oqboNHfoH4CQIfNA+HOrZ7Mo7KZP02dC6LjghPQJeBsvXhJod/wnIBg==",
      "cpu": [
        "arm64"
      ],
      "dev": true,
      "license": "MPL-2.0",
      "optional": true,
      "os": [
        "linux"
      ],
      "engines": {
        "node": ">= 12.0.0"
      },
      "funding": {
        "type": "opencollective",
        "url": "https://opencollective.com/parcel"
      }
    },
    "node_modules/lightningcss-linux-x64-gnu": {
      "version": "1.32.0",
      "resolved": "https://registry.npmmirror.com/lightningcss-linux-x64-gnu/-/lightningcss-linux-x64-gnu-1.32.0.tgz",
      "integrity": "sha512-V7Qr52IhZmdKPVr+Vtw8o+WLsQJYCTd8loIfpDaMRWGUZfBOYEJeyJIkqGIDMZPwPx24pUMfwSxxI8phr/MbOA==",
      "cpu": [
        "x64"
      ],
      "dev": true,
      "license": "MPL-2.0",
      "optional": true,
      "os": [
        "linux"
      ],
      "engines": {
        "node": ">= 12.0.0"
      },
      "funding": {
        "type": "opencollective",
        "url": "https://opencollective.com/parcel"
      }
    },
    "node_modules/lightningcss-linux-x64-musl": {
      "version": "1.32.0",
      "resolved": "https://registry.npmmirror.com/lightningcss-linux-x64-musl/-/lightningcss-linux-x64-musl-1.32.0.tgz",
      "integrity": "sha512-bYcLp+Vb0awsiXg/80uCRezCYHNg1/l3mt0gzHnWV9XP1W5sKa5/TCdGWaR/zBM2PeF/HbsQv/j2URNOiVuxWg==",
      "cpu": [
        "x64"
      ],
      "dev": true,
      "license": "MPL-2.0",
      "optional": true,
      "os": [
        "linux"
      ],
      "engines": {
        "node": ">= 12.0.0"
      },
      "funding": {
        "type": "opencollective",
        "url": "https://opencollective.com/parcel"
      }
    },
    "node_modules/lightningcss-win32-arm64-msvc": {
      "version": "1.32.0",
      "resolved": "https://registry.npmmirror.com/lightningcss-win32-arm64-msvc/-/lightningcss-win32-arm64-msvc-1.32.0.tgz",
      "integrity": "sha512-8SbC8BR40pS6baCM8sbtYDSwEVQd4JlFTOlaD3gWGHfThTcABnNDBda6eTZeqbofalIJhFx0qKzgHJmcPTnGdw==",
      "cpu": [
        "arm64"
      ],
      "dev": true,
      "license": "MPL-2.0",
      "optional": true,
      "os": [
        "win32"
      ],
      "engines": {
        "node": ">= 12.0.0"
      },
      "funding": {
        "type": "opencollective",
        "url": "https://opencollective.com/parcel"
      }
    },
    "node_modules/lightningcss-win32-x64-msvc": {
      "version": "1.32.0",
      "resolved": "https://registry.npmmirror.com/lightningcss-win32-x64-msvc/-/lightningcss-win32-x64-msvc-1.32.0.tgz",
      "integrity": "sha512-Amq9B/SoZYdDi1kFrojnoqPLxYhQ4Wo5XiL8EVJrVsB8ARoC1PWW6VGtT0WKCemjy8aC+louJnjS7U18x3b06Q==",
      "cpu": [
        "x64"
      ],
      "dev": true,
      "license": "MPL-2.0",
      "optional": true,
      "os": [
        "win32"
      ],
      "engines": {
        "node": ">= 12.0.0"
      },
      "funding": {
        "type": "opencollective",
        "url": "https://opencollective.com/parcel"
      }
    },
    "node_modules/lucide-react": {
      "version": "1.16.0",
      "resolved": "https://registry.npmmirror.com/lucide-react/-/lucide-react-1.16.0.tgz",
      "integrity": "sha512-dYwyPzb4MEKpGUmNYk3WKWPnMrHs3FKM+q94kAnJrcDIqqn1hq2xY8scaS2ovsOCM5D51ey2gaRG3PBb1vgoYQ==",
      "license": "ISC",
      "peerDependencies": {
        "react": "^16.5.1 || ^17.0.0 || ^18.0.0 || ^19.0.0"
      }
    },
    "node_modules/nanoid": {
      "version": "3.3.12",
      "resolved": "https://registry.npmmirror.com/nanoid/-/nanoid-3.3.12.tgz",
      "integrity": "sha512-ZB9RH/39qpq5Vu6Y+NmUaFhQR6pp+M2Xt76XBnEwDaGcVAqhlvxrl3B2bKS5D3NH3QR76v3aSrKaF/Kiy7lEtQ==",
      "dev": true,
      "funding": [
        {
          "type": "github",
          "url": "https://github.com/sponsors/ai"
        }
      ],
      "license": "MIT",
      "bin": {
        "nanoid": "bin/nanoid.cjs"
      },
      "engines": {
        "node": "^10 || ^12 || ^13.7 || ^14 || >=15.0.1"
      }
    },
    "node_modules/picocolors": {
      "version": "1.1.1",
      "resolved": "https://registry.npmmirror.com/picocolors/-/picocolors-1.1.1.tgz",
      "integrity": "sha512-xceH2snhtb5M9liqDsmEw56le376mTZkEX/jEb/RxNFyegNul7eNslCXP9FDj/Lcu0X8KEyMceP2ntpaHrDEVA==",
      "dev": true,
      "license": "ISC"
    },
    "node_modules/picomatch": {
      "version": "4.0.4",
      "resolved": "https://registry.npmmirror.com/picomatch/-/picomatch-4.0.4.tgz",
      "integrity": "sha512-QP88BAKvMam/3NxH6vj2o21R6MjxZUAd6nlwAS/pnGvN9IVLocLHxGYIzFhg6fUQ+5th6P4dv4eW9jX3DSIj7A==",
      "dev": true,
      "license": "MIT",
      "engines": {
        "node": ">=12"
      },
      "funding": {
        "url": "https://github.com/sponsors/jonschlinkert"
      }
    },
    "node_modules/postcss": {
      "version": "8.5.15",
      "resolved": "https://registry.npmmirror.com/postcss/-/postcss-8.5.15.tgz",
      "integrity": "sha512-FfR8sjd4em2T6fb3I2MwAJU7HWVMr9zba+enmQeeWFfCbm+UOC/0X4DS8XtpUTMwWMGbjKYP7xjfNekzyGmB3A==",
      "dev": true,
      "funding": [
        {
          "type": "opencollective",
          "url": "https://opencollective.com/postcss/"
        },
        {
          "type": "tidelift",
          "url": "https://tidelift.com/funding/github/npm/postcss"
        },
        {
          "type": "github",
          "url": "https://github.com/sponsors/ai"
        }
      ],
      "license": "MIT",
      "dependencies": {
        "nanoid": "^3.3.12",
        "picocolors": "^1.1.1",
        "source-map-js": "^1.2.1"
      },
      "engines": {
        "node": "^10 || ^12 || >=14"
      }
    },
    "node_modules/react": {
      "version": "19.2.6",
      "resolved": "https://registry.npmmirror.com/react/-/react-19.2.6.tgz",
      "integrity": "sha512-sfWGGfavi0xr8Pg0sVsyHMAOziVYKgPLNrS7ig+ivMNb3wbCBw3KxtflsGBAwD3gYQlE/AEZsTLgToRrSCjb0Q==",
      "license": "MIT",
      "engines": {
        "node": ">=0.10.0"
      }
    },
    "node_modules/react-dom": {
      "version": "19.2.6",
      "resolved": "https://registry.npmmirror.com/react-dom/-/react-dom-19.2.6.tgz",
      "integrity": "sha512-0prMI+hvBbPjsWnxDLxlCGyM8PN6UuWjEUCYmZhO67xIV9Xasa/r/vDnq+Xyq4Lo27g8QSbO5YzARu0D1Sps3g==",
      "license": "MIT",
      "dependencies": {
        "scheduler": "^0.27.0"
      },
      "peerDependencies": {
        "react": "^19.2.6"
      }
    },
    "node_modules/rolldown": {
      "version": "1.0.2",
      "resolved": "https://registry.npmmirror.com/rolldown/-/rolldown-1.0.2.tgz",
      "integrity": "sha512-oZx5zVDtVB44AW3eaifgDml1gWRDZGvjcfdxonE4swNPG98PrrXjaO/KrnUjzlMnztCCRVlUueA1kCXhARGk6g==",
      "dev": true,
      "license": "MIT",
      "dependencies": {
        "@oxc-project/types": "=0.132.0",
        "@rolldown/pluginutils": "^1.0.0"
      },
      "bin": {
        "rolldown": "bin/cli.mjs"
      },
      "engines": {
        "node": "^20.19.0 || >=22.12.0"
      },
      "optionalDependencies": {
        "@rolldown/binding-android-arm64": "1.0.2",
        "@rolldown/binding-darwin-arm64": "1.0.2",
        "@rolldown/binding-darwin-x64": "1.0.2",
        "@rolldown/binding-freebsd-x64": "1.0.2",
        "@rolldown/binding-linux-arm-gnueabihf": "1.0.2",
        "@rolldown/binding-linux-arm64-gnu": "1.0.2",
        "@rolldown/binding-linux-arm64-musl": "1.0.2",
        "@rolldown/binding-linux-ppc64-gnu": "1.0.2",
        "@rolldown/binding-linux-s390x-gnu": "1.0.2",
        "@rolldown/binding-linux-x64-gnu": "1.0.2",
        "@rolldown/binding-linux-x64-musl": "1.0.2",
        "@rolldown/binding-openharmony-arm64": "1.0.2",
        "@rolldown/binding-wasm32-wasi": "1.0.2",
        "@rolldown/binding-win32-arm64-msvc": "1.0.2",
        "@rolldown/binding-win32-x64-msvc": "1.0.2"
      }
    },
    "node_modules/scheduler": {
      "version": "0.27.0",
      "resolved": "https://registry.npmmirror.com/scheduler/-/scheduler-0.27.0.tgz",
      "integrity": "sha512-eNv+WrVbKu1f3vbYJT/xtiF5syA5HPIMtf9IgY/nKg0sWqzAUEvqY/xm7OcZc/qafLx/iO9FgOmeSAp4v5ti/Q==",
      "license": "MIT"
    },
    "node_modules/source-map-js": {
      "version": "1.2.1",
      "resolved": "https://registry.npmmirror.com/source-map-js/-/source-map-js-1.2.1.tgz",
      "integrity": "sha512-UXWMKhLOwVKb728IUtQPXxfYU+usdybtUrK/8uGE8CQMvrhOpwvzDBwj0QhSL7MQc7vIsISBG8VQ8+IDQxpfQA==",
      "dev": true,
      "license": "BSD-3-Clause",
      "engines": {
        "node": ">=0.10.0"
      }
    },
    "node_modules/tinyglobby": {
      "version": "0.2.16",
      "resolved": "https://registry.npmmirror.com/tinyglobby/-/tinyglobby-0.2.16.tgz",
      "integrity": "sha512-pn99VhoACYR8nFHhxqix+uvsbXineAasWm5ojXoN8xEwK5Kd3/TrhNn1wByuD52UxWRLy8pu+kRMniEi6Eq9Zg==",
      "dev": true,
      "license": "MIT",
      "dependencies": {
        "fdir": "^6.5.0",
        "picomatch": "^4.0.4"
      },
      "engines": {
        "node": ">=12.0.0"
      },
      "funding": {
        "url": "https://github.com/sponsors/SuperchupuDev"
      }
    },
    "node_modules/tslib": {
      "version": "2.8.1",
      "resolved": "https://registry.npmmirror.com/tslib/-/tslib-2.8.1.tgz",
      "integrity": "sha512-oJFu94HQb+KVduSUQL7wnpmqnfmLsOA/nAh6b6EH0wCEoK0/mPeXU6c3wKDV83MkOuHPRHtSXKKU99IBazS/2w==",
      "dev": true,
      "license": "0BSD",
      "optional": true
    },
    "node_modules/typescript": {
      "version": "5.9.3",
      "resolved": "https://registry.npmmirror.com/typescript/-/typescript-5.9.3.tgz",
      "integrity": "sha512-jl1vZzPDinLr9eUt3J/t7V6FgNEw9QjvBPdysz9KfQDD41fQrC2Y4vKQdiaUpFT4bXlb1RHhLpp8wtm6M5TgSw==",
      "dev": true,
      "license": "Apache-2.0",
      "bin": {
        "tsc": "bin/tsc",
        "tsserver": "bin/tsserver"
      },
      "engines": {
        "node": ">=14.17"
      }
    },
    "node_modules/vite": {
      "version": "8.0.14",
      "resolved": "https://registry.npmmirror.com/vite/-/vite-8.0.14.tgz",
      "integrity": "sha512-s4BJJ+5y1pYL6Otw51FHhVJQhPnuRinKig64g/1+EUNaJsd3gCKdD31IPFvswUgW9/60QT9oFHbZHbQK5imcxw==",
      "dev": true,
      "license": "MIT",
      "dependencies": {
        "lightningcss": "^1.32.0",
        "picomatch": "^4.0.4",
        "postcss": "^8.5.15",
        "rolldown": "1.0.2",
        "tinyglobby": "^0.2.16"
      },
      "bin": {
        "vite": "bin/vite.js"
      },
      "engines": {
        "node": "^20.19.0 || >=22.12.0"
      },
      "funding": {
        "url": "https://github.com/vitejs/vite?sponsor=1"
      },
      "optionalDependencies": {
        "fsevents": "~2.3.3"
      },
      "peerDependencies": {
        "@types/node": "^20.19.0 || >=22.12.0",
        "@vitejs/devtools": "^0.1.18",
        "esbuild": "^0.27.0 || ^0.28.0",
        "jiti": ">=1.21.0",
        "less": "^4.0.0",
        "sass": "^1.70.0",
        "sass-embedded": "^1.70.0",
        "stylus": ">=0.54.8",
        "sugarss": "^5.0.0",
        "terser": "^5.16.0",
        "tsx": "^4.8.1",
        "yaml": "^2.4.2"
      },
      "peerDependenciesMeta": {
        "@types/node": {
          "optional": true
        },
        "@vitejs/devtools": {
          "optional": true
        },
        "esbuild": {
          "optional": true
        },
        "jiti": {
          "optional": true
        },
        "less": {
          "optional": true
        },
        "sass": {
          "optional": true
        },
        "sass-embedded": {
          "optional": true
        },
        "stylus": {
          "optional": true
        },
        "sugarss": {
          "optional": true
        },
        "terser": {
          "optional": true
        },
        "tsx": {
          "optional": true
        },
        "yaml": {
          "optional": true
        }
      }
    }
  }
}
